
Microsoft Visual Studio Solution File, Format Version 12.00
# Visual Studio Version 17
VisualStudioVersion = 17.9.34902.65
MinimumVisualStudioVersion = 10.0.40219.1
Project("{8BC9CEB8-8B4A-11D0-8D11-00A0C91BC942}") = "hw6.3", "hw6.3.vcxproj", "{F002E359-BA55-4C8C-9E68-1F1020886C25}"
EndProject
Global
	GlobalSection(SolutionConfigurationPlatforms) = preSolution
		Debug|x64 = Debug|x64
		Debug|x86 = Debug|x86
		Release|x64 = Release|x64
		Release|x86 = Release|x86
	EndGlobalSection
	GlobalSection(ProjectConfigurationPlatforms) = postSolution
		{F002E359-BA55-4C8C-9E68-1F1020886C25}.Debug|x64.ActiveCfg = Debug|x64
		{F002E359-BA55-4C8C-9E68-1F1020886C25}.Debug|x64.Build.0 = Debug|x64
		{F002E359-BA55-4C8C-9E68-1F1020886C25}.Debug|x86.ActiveCfg = Debug|Win32
		{F002E359-BA55-4C8C-9E68-1F1020886C25}.Debug|x86.Build.0 = Debug|Win32
		{F002E359-BA55-4C8C-9E68-1F1020886C25}.Release|x64.ActiveCfg = Release|x64
		{F002E359-BA55-4C8C-9E68-1F1020886C25}.Release|x64.Build.0 = Release|x64
		{F002E359-BA55-4C8C-9E68-1F1020886C25}.Release|x86.ActiveCfg = Release|Win32
		{F002E359-BA55-4C8C-9E68-1F1020886C25}.Release|x86.Build.0 = Release|Win32
	EndGlobalSection
	GlobalSection(SolutionProperties) = preSolution
		HideSolutionNode = FALSE
	EndGlobalSection
	GlobalSection(ExtensibilityGlobals) = postSolution
		SolutionGuid = {99C18122-2A69-4400-95E3-E54282F0B1B5}
	EndGlobalSection
EndGlobal
